
Microsoft Visual Studio Solution File, Format Version 12.00
# Visual Studio Version 16
VisualStudioVersion = 16.0.30413.136
MinimumVisualStudioVersion = 10.0.40219.1
Project("{FAE04EC0-301F-11D3-BF4B-00C04F79EFBC}") = "PaymentSystemAPI", "PaymentSystemAPI\PaymentSystemAPI.csproj", "{54CF34AF-9A6A-46D0-896E-C60936A0C9B3}"
EndProject
Project("{FAE04EC0-301F-11D3-BF4B-00C04F79EFBC}") = "PaymentSystemAPI.Model", "PaymentSystemAPI.Model\PaymentSystemAPI.Model.csproj", "{6AEDA74D-D0BC-4354-B908-8789E45CDE04}"
EndProject
Global
	GlobalSection(SolutionConfigurationPlatforms) = preSolution
		Debug|Any CPU = Debug|Any CPU
		Release|Any CPU = Release|Any CPU
	EndGlobalSection
	GlobalSection(ProjectConfigurationPlatforms) = postSolution
		{54CF34AF-9A6A-46D0-896E-C60936A0C9B3}.Debug|Any CPU.ActiveCfg = Debug|Any CPU
		{54CF34AF-9A6A-46D0-896E-C60936A0C9B3}.Debug|Any CPU.Build.0 = Debug|Any CPU
		{54CF34AF-9A6A-46D0-896E-C60936A0C9B3}.Release|Any CPU.ActiveCfg = Release|Any CPU
		{54CF34AF-9A6A-46D0-896E-C60936A0C9B3}.Release|Any CPU.Build.0 = Release|Any CPU
		{6AEDA74D-D0BC-4354-B908-8789E45CDE04}.Debug|Any CPU.ActiveCfg = Debug|Any CPU
		{6AEDA74D-D0BC-4354-B908-8789E45CDE04}.Debug|Any CPU.Build.0 = Debug|Any CPU
		{6AEDA74D-D0BC-4354-B908-8789E45CDE04}.Release|Any CPU.ActiveCfg = Release|Any CPU
		{6AEDA74D-D0BC-4354-B908-8789E45CDE04}.Release|Any CPU.Build.0 = Release|Any CPU
	EndGlobalSection
	GlobalSection(SolutionProperties) = preSolution
		HideSolutionNode = FALSE
	EndGlobalSection
	GlobalSection(ExtensibilityGlobals) = postSolution
		SolutionGuid = {F89A4232-1A68-4CCF-92F5-27267DE3EA2D}
	EndGlobalSection
EndGlobal
